
Microsoft Visual Studio Solution File, Format Version 12.00
# Visual Studio Version 16
VisualStudioVersion = 16.0.31729.503
MinimumVisualStudioVersion = 10.0.40219.1
Project("{FAE04EC0-301F-11D3-BF4B-00C04F79EFBC}") = "ProyectoSitios", "ProyectoSitios\ProyectoSitios.csproj", "{BF21D5A9-BF7F-4325-BC3F-EE231E59C961}"
EndProject
Project("{FAE04EC0-301F-11D3-BF4B-00C04F79EFBC}") = "CapaNegocio", "CapaNegocio\CapaNegocio.csproj", "{0D5BA50D-B424-475A-A79A-35265E60EA60}"
EndProject
Project("{FAE04EC0-301F-11D3-BF4B-00C04F79EFBC}") = "CapaDatos", "CapaDatos\CapaDatos.csproj", "{4059D36E-E603-4326-9DC1-82B7CDC87EB3}"
EndProject
Global
	GlobalSection(SolutionConfigurationPlatforms) = preSolution
		Debug|Any CPU = Debug|Any CPU
		Release|Any CPU = Release|Any CPU
	EndGlobalSection
	GlobalSection(ProjectConfigurationPlatforms) = postSolution
		{BF21D5A9-BF7F-4325-BC3F-EE231E59C961}.Debug|Any CPU.ActiveCfg = Debug|Any CPU
		{BF21D5A9-BF7F-4325-BC3F-EE231E59C961}.Debug|Any CPU.Build.0 = Debug|Any CPU
		{BF21D5A9-BF7F-4325-BC3F-EE231E59C961}.Release|Any CPU.ActiveCfg = Release|Any CPU
		{BF21D5A9-BF7F-4325-BC3F-EE231E59C961}.Release|Any CPU.Build.0 = Release|Any CPU
		{0D5BA50D-B424-475A-A79A-35265E60EA60}.Debug|Any CPU.ActiveCfg = Debug|Any CPU
		{0D5BA50D-B424-475A-A79A-35265E60EA60}.Debug|Any CPU.Build.0 = Debug|Any CPU
		{0D5BA50D-B424-475A-A79A-35265E60EA60}.Release|Any CPU.ActiveCfg = Release|Any CPU
		{0D5BA50D-B424-475A-A79A-35265E60EA60}.Release|Any CPU.Build.0 = Release|Any CPU
		{4059D36E-E603-4326-9DC1-82B7CDC87EB3}.Debug|Any CPU.ActiveCfg = Debug|Any CPU
		{4059D36E-E603-4326-9DC1-82B7CDC87EB3}.Debug|Any CPU.Build.0 = Debug|Any CPU
		{4059D36E-E603-4326-9DC1-82B7CDC87EB3}.Release|Any CPU.ActiveCfg = Release|Any CPU
		{4059D36E-E603-4326-9DC1-82B7CDC87EB3}.Release|Any CPU.Build.0 = Release|Any CPU
	EndGlobalSection
	GlobalSection(SolutionProperties) = preSolution
		HideSolutionNode = FALSE
	EndGlobalSection
	GlobalSection(ExtensibilityGlobals) = postSolution
		SolutionGuid = {DED40D3B-EEAC-4988-B2CB-C10B650A15B2}
	EndGlobalSection
EndGlobal
